{
  "version": 4,
  "terraform_version": "1.14.3",
  "serial": 222,
  "lineage": "f4a1ee89-0719-045e-469b-f1f32f29cca0",
  "outputs": {
    "backend_url": {
      "value": "https://sovns62ced3c2h3vk3g9j-sovscan-backend.functions.fnc.nl-ams.scw.cloud",
      "type": "string"
    },
    "database_host": {
      "value": "51.15.58.54",
      "type": "string"
    },
    "database_port": {
      "value": 12473,
      "type": "number"
    },
    "db_init_command": {
      "value": "docker run --rm -e PGPASSWORD=Haarhofje11! -v C:/Users/rrienks/projects/SovScan/terraform/../backend/init.sql:/init.sql postgres:15-alpine psql -h 51.15.58.54 -p 12473 -U sovscan_admin -d sovscan -f /init.sql",
      "type": "string",
      "sensitive": true
    },
    "frontend_url": {
      "value": "https://sovns62ced3c2h3vk3g9j-sovscan-frontend.functions.fnc.nl-ams.scw.cloud",
      "type": "string"
    },
    "registry_endpoint": {
      "value": "rg.nl-ams.scw.cloud/sovscan-reg-62ced3c2-2742-4d6c-b218-0dd7b200064e",
      "type": "string"
    }
  },
  "resources": [
    {
      "mode": "managed",
      "type": "null_resource",
      "name": "container_push",
      "provider": "provider[\"registry.terraform.io/hashicorp/null\"]",
      "instances": [
        {
          "schema_version": 0,
          "attributes": {
            "id": "960850759818765574",
            "triggers": {
              "registry_id": "nl-ams/9e50f208-8604-4838-a91a-e30d3686bf2a",
              "timestamp": "2026-02-07T13:28:52Z"
            }
          },
          "sensitive_attributes": [],
          "identity_schema_version": 0,
          "dependencies": [
            "scaleway_registry_namespace.sovscan_registry"
          ]
        }
      ]
    },
    {
      "mode": "managed",
      "type": "null_resource",
      "name": "db_init",
      "provider": "provider[\"registry.terraform.io/hashicorp/null\"]",
      "instances": [
        {
          "schema_version": 0,
          "attributes": {
            "id": "1825199214592833871",
            "triggers": {
              "db_id": "nl-ams/4a37589d-1f0c-4bc8-a08f-50efa1c5c917",
              "script_hash": "6e35e0aa83218dd5af658d7d0b067bad8f64bfae620b7e74c6122fe0be783ed0"
            }
          },
          "sensitive_attributes": [],
          "identity_schema_version": 0,
          "dependencies": [
            "scaleway_rdb_acl.main",
            "scaleway_rdb_database.main",
            "scaleway_rdb_instance.sovscan_db",
            "scaleway_rdb_privilege.main"
          ]
        }
      ]
    },
    {
      "mode": "managed",
      "type": "scaleway_container",
      "name": "backend",
      "provider": "provider[\"registry.terraform.io/scaleway/scaleway\"]",
      "instances": [
        {
          "schema_version": 0,
          "attributes": {
            "args": [],
            "command": [],
            "cpu_limit": 140,
            "cron_status": "ready",
            "deploy": false,
            "description": "",
            "domain_name": "sovns62ced3c2h3vk3g9j-sovscan-backend.functions.fnc.nl-ams.scw.cloud",
            "environment_variables": {
              "DB_HOST": "51.15.58.54",
              "DB_NAME": "sovscan",
              "DB_PORT": "12473",
              "DB_SSL": "true",
              "DB_USER": "sovscan_admin",
              "REDEPLOY_AT": "2026-02-07T13:28:52Z"
            },
            "error_message": "",
            "health_check": [
              {
                "failure_threshold": 30,
                "http": [],
                "interval": "10s"
              }
            ],
            "http_option": "enabled",
            "id": "nl-ams/c7822bda-4a77-4268-a6ad-51f32e4ce04a",
            "local_storage_limit": 1000,
            "max_concurrency": 50,
            "max_scale": 5,
            "memory_limit": 256,
            "min_scale": 0,
            "name": "sovscan-backend",
            "namespace_id": "nl-ams/c18d9dcb-90f1-47e6-b52b-42a12ac43559",
            "port": 8080,
            "privacy": "public",
            "private_network_id": "",
            "protocol": "http1",
            "region": "nl-ams",
            "registry_image": "rg.nl-ams.scw.cloud/sovscan-reg-62ced3c2-2742-4d6c-b218-0dd7b200064e/sovscan-backend:latest",
            "registry_sha256": null,
            "sandbox": "v2",
            "scaling_option": [
              {
                "concurrent_requests_threshold": 50,
                "cpu_usage_threshold": 0,
                "memory_usage_threshold": 0
              }
            ],
            "secret_environment_variables": {
              "DB_PASSWORD": "$argon2id$v=19$m=65536,t=1,p=2$Qg0xykVXyktiW2AhW1Ol3A$Gpl8LUg+MAMO0Q3iPQg/s8fFJxGu5AFF4sdkZTnzlJ4",
              "RESEND_API_KEY": "$argon2id$v=19$m=65536,t=1,p=2$oZDuJ9Z4ZwB9twUAmuFHDQ$DeX6+0vYdTEW+olMvGAo+vbukvvbQ2u+YWrG/s4EE8Q"
            },
            "status": "ready",
            "tags": [],
            "timeout": 60,
            "timeouts": null
          },
          "sensitive_attributes": [
            [
              {
                "type": "get_attr",
                "value": "secret_environment_variables"
              }
            ],
            [
              {
                "type": "get_attr",
                "value": "secret_environment_variables"
              },
              {
                "type": "index",
                "value": {
                  "value": "DB_PASSWORD",
                  "type": "string"
                }
              }
            ],
            [
              {
                "type": "get_attr",
                "value": "secret_environment_variables"
              },
              {
                "type": "index",
                "value": {
                  "value": "RESEND_API_KEY",
                  "type": "string"
                }
              }
            ]
          ],
          "identity_schema_version": 0,
          "private": "eyJlMmJmYjczMC1lY2FhLTExZTYtOGY4OC0zNDM2M2JjN2M0YzAiOnsiY3JlYXRlIjo3NTAwMDAwMDAwMDAsImRlZmF1bHQiOjc1MDAwMDAwMDAwMCwiZGVsZXRlIjo3NTAwMDAwMDAwMDAsInJlYWQiOjc1MDAwMDAwMDAwMCwidXBkYXRlIjo3NTAwMDAwMDAwMDB9fQ==",
          "dependencies": [
            "null_resource.container_push",
            "scaleway_container_namespace.sovscan_namespace",
            "scaleway_rdb_instance.sovscan_db",
            "scaleway_registry_namespace.sovscan_registry"
          ]
        }
      ]
    },
    {
      "mode": "managed",
      "type": "scaleway_container",
      "name": "frontend",
      "provider": "provider[\"registry.terraform.io/scaleway/scaleway\"]",
      "instances": [
        {
          "schema_version": 0,
          "attributes": {
            "args": [],
            "command": [],
            "cpu_limit": 140,
            "cron_status": "ready",
            "deploy": false,
            "description": "",
            "domain_name": "sovns62ced3c2h3vk3g9j-sovscan-frontend.functions.fnc.nl-ams.scw.cloud",
            "environment_variables": {
              "BACKEND_URL": "https://sovns62ced3c2h3vk3g9j-sovscan-backend.functions.fnc.nl-ams.scw.cloud",
              "REACT_APP_API_URL": "https://sovns62ced3c2h3vk3g9j-sovscan-backend.functions.fnc.nl-ams.scw.cloud",
              "REDEPLOY_AT": "2026-02-07T13:28:52Z"
            },
            "error_message": "",
            "health_check": [
              {
                "failure_threshold": 30,
                "http": [],
                "interval": "10s"
              }
            ],
            "http_option": "enabled",
            "id": "nl-ams/86f07189-9b47-4628-a44f-1bead7f095f7",
            "local_storage_limit": 1000,
            "max_concurrency": 50,
            "max_scale": 5,
            "memory_limit": 512,
            "min_scale": 0,
            "name": "sovscan-frontend",
            "namespace_id": "nl-ams/c18d9dcb-90f1-47e6-b52b-42a12ac43559",
            "port": 8080,
            "privacy": "public",
            "private_network_id": "",
            "protocol": "http1",
            "region": "nl-ams",
            "registry_image": "rg.nl-ams.scw.cloud/sovscan-reg-62ced3c2-2742-4d6c-b218-0dd7b200064e/sovscan-frontend:latest",
            "registry_sha256": null,
            "sandbox": "v2",
            "scaling_option": [
              {
                "concurrent_requests_threshold": 50,
                "cpu_usage_threshold": 0,
                "memory_usage_threshold": 0
              }
            ],
            "secret_environment_variables": {},
            "status": "ready",
            "tags": [],
            "timeout": 60,
            "timeouts": null
          },
          "sensitive_attributes": [
            [
              {
                "type": "get_attr",
                "value": "secret_environment_variables"
              }
            ]
          ],
          "identity_schema_version": 0,
          "private": "eyJlMmJmYjczMC1lY2FhLTExZTYtOGY4OC0zNDM2M2JjN2M0YzAiOnsiY3JlYXRlIjo3NTAwMDAwMDAwMDAsImRlZmF1bHQiOjc1MDAwMDAwMDAwMCwiZGVsZXRlIjo3NTAwMDAwMDAwMDAsInJlYWQiOjc1MDAwMDAwMDAwMCwidXBkYXRlIjo3NTAwMDAwMDAwMDB9fQ==",
          "dependencies": [
            "null_resource.container_push",
            "scaleway_container.backend",
            "scaleway_container_namespace.sovscan_namespace",
            "scaleway_rdb_instance.sovscan_db",
            "scaleway_registry_namespace.sovscan_registry"
          ]
        }
      ]
    },
    {
      "mode": "managed",
      "type": "scaleway_container_namespace",
      "name": "sovscan_namespace",
      "provider": "provider[\"registry.terraform.io/scaleway/scaleway\"]",
      "instances": [
        {
          "schema_version": 0,
          "attributes": {
            "activate_vpc_integration": true,
            "description": "Namespace for SovScan serverless containers",
            "destroy_registry": false,
            "environment_variables": {},
            "id": "nl-ams/c18d9dcb-90f1-47e6-b52b-42a12ac43559",
            "name": "sov-ns-62ced3c2",
            "organization_id": "76de40db-3007-4fea-8ece-79d372f4ff59",
            "project_id": "62ced3c2-2742-4d6c-b218-0dd7b200064e",
            "region": "nl-ams",
            "registry_endpoint": "rg.nl-ams.scw.cloud/funcscwsovns62ced3c2h3vk3g9j",
            "registry_namespace_id": "4a925c00-55a5-4c46-a3a6-830b6115ec80",
            "secret_environment_variables": {},
            "tags": [],
            "timeouts": null
          },
          "sensitive_attributes": [
            [
              {
                "type": "get_attr",
                "value": "secret_environment_variables"
              }
            ]
          ],
          "identity_schema_version": 0,
          "private": "eyJlMmJmYjczMC1lY2FhLTExZTYtOGY4OC0zNDM2M2JjN2M0YzAiOnsiY3JlYXRlIjozMDAwMDAwMDAwMDAsImRlZmF1bHQiOjMwMDAwMDAwMDAwMCwiZGVsZXRlIjozMDAwMDAwMDAwMDAsInJlYWQiOjMwMDAwMDAwMDAwMCwidXBkYXRlIjozMDAwMDAwMDAwMDB9fQ=="
        }
      ]
    },
    {
      "mode": "managed",
      "type": "scaleway_object_bucket",
      "name": "sovscan_assets",
      "provider": "provider[\"registry.terraform.io/scaleway/scaleway\"]",
      "instances": [
        {
          "schema_version": 0,
          "attributes": {
            "acl": "private",
            "api_endpoint": "https://s3.nl-ams.scw.cloud",
            "cors_rule": [],
            "endpoint": "https://sovscan-assets-62ced3c2-2742-4d6c-b218-0dd7b200064e.s3.nl-ams.scw.cloud",
            "force_destroy": false,
            "id": "nl-ams/sovscan-assets-62ced3c2-2742-4d6c-b218-0dd7b200064e",
            "lifecycle_rule": [],
            "name": "sovscan-assets-62ced3c2-2742-4d6c-b218-0dd7b200064e",
            "object_lock_enabled": false,
            "project_id": "62ced3c2-2742-4d6c-b218-0dd7b200064e",
            "region": "nl-ams",
            "tags": {},
            "timeouts": null,
            "versioning": [
              {
                "enabled": false
              }
            ]
          },
          "sensitive_attributes": [],
          "identity_schema_version": 0,
          "private": "eyJlMmJmYjczMC1lY2FhLTExZTYtOGY4OC0zNDM2M2JjN2M0YzAiOnsiY3JlYXRlIjo2MDAwMDAwMDAwMDAsImRlZmF1bHQiOjYwMDAwMDAwMDAwMCwiZGVsZXRlIjo2MDAwMDAwMDAwMDAsInJlYWQiOjYwMDAwMDAwMDAwMCwidXBkYXRlIjo2MDAwMDAwMDAwMDB9fQ=="
        }
      ]
    },
    {
      "mode": "managed",
      "type": "scaleway_object_bucket",
      "name": "sovscan_docs",
      "provider": "provider[\"registry.terraform.io/scaleway/scaleway\"]",
      "instances": [
        {
          "schema_version": 0,
          "attributes": {
            "acl": "private",
            "api_endpoint": "https://s3.nl-ams.scw.cloud",
            "cors_rule": [],
            "endpoint": "https://sovscan-documents-62ced3c2-2742-4d6c-b218-0dd7b200064e.s3.nl-ams.scw.cloud",
            "force_destroy": false,
            "id": "nl-ams/sovscan-documents-62ced3c2-2742-4d6c-b218-0dd7b200064e",
            "lifecycle_rule": [],
            "name": "sovscan-documents-62ced3c2-2742-4d6c-b218-0dd7b200064e",
            "object_lock_enabled": false,
            "project_id": "62ced3c2-2742-4d6c-b218-0dd7b200064e",
            "region": "nl-ams",
            "tags": {},
            "timeouts": null,
            "versioning": [
              {
                "enabled": false
              }
            ]
          },
          "sensitive_attributes": [],
          "identity_schema_version": 0,
          "private": "eyJlMmJmYjczMC1lY2FhLTExZTYtOGY4OC0zNDM2M2JjN2M0YzAiOnsiY3JlYXRlIjo2MDAwMDAwMDAwMDAsImRlZmF1bHQiOjYwMDAwMDAwMDAwMCwiZGVsZXRlIjo2MDAwMDAwMDAwMDAsInJlYWQiOjYwMDAwMDAwMDAwMCwidXBkYXRlIjo2MDAwMDAwMDAwMDB9fQ=="
        }
      ]
    },
    {
      "mode": "managed",
      "type": "scaleway_object_bucket",
      "name": "sovscan_exports",
      "provider": "provider[\"registry.terraform.io/scaleway/scaleway\"]",
      "instances": [
        {
          "schema_version": 0,
          "attributes": {
            "acl": "private",
            "api_endpoint": "https://s3.nl-ams.scw.cloud",
            "cors_rule": [],
            "endpoint": "https://sovscan-exports-62ced3c2-2742-4d6c-b218-0dd7b200064e.s3.nl-ams.scw.cloud",
            "force_destroy": false,
            "id": "nl-ams/sovscan-exports-62ced3c2-2742-4d6c-b218-0dd7b200064e",
            "lifecycle_rule": [],
            "name": "sovscan-exports-62ced3c2-2742-4d6c-b218-0dd7b200064e",
            "object_lock_enabled": false,
            "project_id": "62ced3c2-2742-4d6c-b218-0dd7b200064e",
            "region": "nl-ams",
            "tags": {},
            "timeouts": null,
            "versioning": [
              {
                "enabled": false
              }
            ]
          },
          "sensitive_attributes": [],
          "identity_schema_version": 0,
          "private": "eyJlMmJmYjczMC1lY2FhLTExZTYtOGY4OC0zNDM2M2JjN2M0YzAiOnsiY3JlYXRlIjo2MDAwMDAwMDAwMDAsImRlZmF1bHQiOjYwMDAwMDAwMDAwMCwiZGVsZXRlIjo2MDAwMDAwMDAwMDAsInJlYWQiOjYwMDAwMDAwMDAwMCwidXBkYXRlIjo2MDAwMDAwMDAwMDB9fQ=="
        }
      ]
    },
    {
      "mode": "managed",
      "type": "scaleway_rdb_acl",
      "name": "main",
      "provider": "provider[\"registry.terraform.io/scaleway/scaleway\"]",
      "instances": [
        {
          "schema_version": 0,
          "attributes": {
            "acl_rules": [
              {
                "description": "Allow global access for serverless testing",
                "ip": "0.0.0.0/0"
              }
            ],
            "id": "nl-ams/4a37589d-1f0c-4bc8-a08f-50efa1c5c917",
            "instance_id": "nl-ams/4a37589d-1f0c-4bc8-a08f-50efa1c5c917",
            "region": "nl-ams",
            "timeouts": null
          },
          "sensitive_attributes": [],
          "identity_schema_version": 0,
          "private": "eyJlMmJmYjczMC1lY2FhLTExZTYtOGY4OC0zNDM2M2JjN2M0YzAiOnsiY3JlYXRlIjoxODAwMDAwMDAwMDAwLCJkZWZhdWx0IjoxODAwMDAwMDAwMDAwLCJkZWxldGUiOjE4MDAwMDAwMDAwMDAsInJlYWQiOjE4MDAwMDAwMDAwMDAsInVwZGF0ZSI6MTgwMDAwMDAwMDAwMH19",
          "dependencies": [
            "scaleway_rdb_instance.sovscan_db"
          ]
        }
      ]
    },
    {
      "mode": "managed",
      "type": "scaleway_rdb_database",
      "name": "main",
      "provider": "provider[\"registry.terraform.io/scaleway/scaleway\"]",
      "instances": [
        {
          "schema_version": 0,
          "attributes": {
            "id": "nl-ams/4a37589d-1f0c-4bc8-a08f-50efa1c5c917/sovscan",
            "instance_id": "nl-ams/4a37589d-1f0c-4bc8-a08f-50efa1c5c917",
            "managed": true,
            "name": "sovscan",
            "owner": "_rdb_superadmin",
            "region": "nl-ams",
            "size": "8352559",
            "timeouts": null
          },
          "sensitive_attributes": [],
          "identity_schema_version": 0,
          "private": "eyJlMmJmYjczMC1lY2FhLTExZTYtOGY4OC0zNDM2M2JjN2M0YzAiOnsiY3JlYXRlIjoxODAwMDAwMDAwMDAwLCJkZWZhdWx0IjoxODAwMDAwMDAwMDAwLCJkZWxldGUiOjE4MDAwMDAwMDAwMDAsInJlYWQiOjE4MDAwMDAwMDAwMDAsInVwZGF0ZSI6MTgwMDAwMDAwMDAwMH19",
          "dependencies": [
            "scaleway_rdb_instance.sovscan_db"
          ]
        }
      ]
    },
    {
      "mode": "managed",
      "type": "scaleway_rdb_instance",
      "name": "sovscan_db",
      "provider": "provider[\"registry.terraform.io/scaleway/scaleway\"]",
      "instances": [
        {
          "schema_version": 0,
          "attributes": {
            "backup_same_region": false,
            "backup_schedule_frequency": 24,
            "backup_schedule_retention": 7,
            "certificate": "-----BEGIN CERTIFICATE-----\nMIID9DCCAtygAwIBAgIUVB3b6w9i6dWi+ELYdIIgac7b9xQwDQYJKoZIhvcNAQEL\nBQAwVjELMAkGA1UEBhMCRlIxDjAMBgNVBAgMBVBhcmlzMQ4wDAYDVQQHDAVQYXJp\nczERMA8GA1UECgwIU2NhbGV3YXkxFDASBgNVBAMMCzUxLjE1LjU4LjU0MB4XDTI2\nMDIwNzA3MTkwMloXDTM2MDIwNTA3MTkwMlowVjELMAkGA1UEBhMCRlIxDjAMBgNV\nBAgMBVBhcmlzMQ4wDAYDVQQHDAVQYXJpczERMA8GA1UECgwIU2NhbGV3YXkxFDAS\nBgNVBAMMCzUxLjE1LjU4LjU0MIIBIjANBgkqhkiG9w0BAQEFAAOCAQ8AMIIBCgKC\nAQEArfKbqTsHgZvTfYkxWGp0e/7Y+ESTNWbp97szGiiBpE3ogyL5aJ2SOvnw8P83\nspS68kCFfK82rqR24DZjcK++GSDLDcLphKoS0BAWqJP2PaKg4o6mY8MyKf7yU1qf\nbfXLQ3MOA3enbJq4XJufAQR4xwyZyn35yzKPXBkfUqNYX7UpHjyWGIUtG8WIpesv\nNHbIDbFz5MKZTkqzXN9nNUjkO63zFHIfd63SaWA/+5moUqcAFPTwm0585ncw96Z7\nIp7SfM36eRVBHzf7jd7+IfAX7//a2fqLXPbUXTHeMfEgSs3PfO0JqTbmCp2K2Gh/\nebFjBSHkl6MTfd4504sb3uXWBQIDAQABo4G5MIG2MIGzBgNVHREEgaswgaiCCzUx\nLjE1LjU4LjU0gjxydy00YTM3NTg5ZC0xZjBjLTRiYzgtYTA4Zi01MGVmYTFjNWM5\nMTcucmRiLm5sLWFtcy5zY3cuY2xvdWSCCzUxLjE1LjU4LjU0gjxydy00YTM3NTg5\nZC0xZjBjLTRiYzgtYTA4Zi01MGVmYTFjNWM5MTcucmRiLm5sLWFtcy5zY3cuY2xv\ndWSHBDOeuCyHBDMPOjaHBDMPOjYwDQYJKoZIhvcNAQELBQADggEBAJtT4+7/SvNf\nNJjPNZI57958wwAwNrLEha6LDbXIUXuwZLKSq5I78fH1i8NwyPvfTfo8/uxgplAc\nfV0wfhjbpSgRRvFWUTpCd1VasQE41oTYdRIW8M836ZNp7/vhscMarQaxwp2CCFmf\nC2T/oX/uGt7Y1OhGC2W28uPeERtcKINsRROGcseIOyLVaTg8/W4oc5S3aLnH28ru\nxptEF/buw4VtIV/lSoOw2QhDuhSMnFTlWUAlOKuyi5XD7sfMYSbRvQJnDhViYf54\nLiTuAG3H2Xh/kzeLvNgktEzqHteLbeH1fFoDga+mmkyALuhJ0MXv9yng4NEIDuFl\nMhIF0U32UE0=\n-----END CERTIFICATE-----\n",
            "disable_backup": true,
            "encryption_at_rest": false,
            "endpoint_ip": "51.15.58.54",
            "endpoint_port": 12473,
            "engine": "PostgreSQL-15",
            "id": "nl-ams/4a37589d-1f0c-4bc8-a08f-50efa1c5c917",
            "init_settings": {},
            "is_ha_cluster": false,
            "load_balancer": [
              {
                "endpoint_id": "8fd242ec-b896-45c2-a338-f1167f0c3444",
                "hostname": "",
                "ip": "51.15.58.54",
                "name": "",
                "port": 12473
              }
            ],
            "logs_policy": [
              {
                "max_age_retention": 30,
                "total_disk_retention": 0
              }
            ],
            "name": "sovscan-db",
            "node_type": "db-dev-s",
            "organization_id": "76de40db-3007-4fea-8ece-79d372f4ff59",
            "password": "Haarhofje11!",
            "password_wo": null,
            "password_wo_version": null,
            "private_ip": [],
            "private_network": [],
            "project_id": "62ced3c2-2742-4d6c-b218-0dd7b200064e",
            "read_replicas": [],
            "region": "nl-ams",
            "settings": {
              "effective_cache_size": "1300",
              "maintenance_work_mem": "150",
              "max_connections": "100",
              "max_parallel_workers": "0",
              "max_parallel_workers_per_gather": "0",
              "work_mem": "4"
            },
            "snapshot_id": null,
            "tags": [],
            "timeouts": null,
            "upgradable_versions": [
              {
                "id": "c58cf670-3683-42ec-82cc-046bf134278c",
                "minor_version": "16.11",
                "name": "PostgreSQL-16",
                "version": "16"
              },
              {
                "id": "864121a6-ec39-4bb2-bea4-dfcaa1172e73",
                "minor_version": "17.7",
                "name": "PostgreSQL-17",
                "version": "17"
              }
            ],
            "user_name": "sovscan_admin",
            "volume_size_in_gb": 5,
            "volume_type": "lssd"
          },
          "sensitive_attributes": [
            [
              {
                "type": "get_attr",
                "value": "password"
              }
            ]
          ],
          "identity_schema_version": 0,
          "private": "eyJlMmJmYjczMC1lY2FhLTExZTYtOGY4OC0zNDM2M2JjN2M0YzAiOnsiY3JlYXRlIjoxODAwMDAwMDAwMDAwLCJkZWZhdWx0IjoxODAwMDAwMDAwMDAwLCJkZWxldGUiOjE4MDAwMDAwMDAwMDAsInJlYWQiOjE4MDAwMDAwMDAwMDAsInVwZGF0ZSI6MTgwMDAwMDAwMDAwMH19"
        }
      ]
    },
    {
      "mode": "managed",
      "type": "scaleway_rdb_privilege",
      "name": "main",
      "provider": "provider[\"registry.terraform.io/scaleway/scaleway\"]",
      "instances": [
        {
          "schema_version": 1,
          "attributes": {
            "database_name": "sovscan",
            "id": "nl-ams/4a37589d-1f0c-4bc8-a08f-50efa1c5c917/sovscan/sovscan_admin",
            "instance_id": "nl-ams/4a37589d-1f0c-4bc8-a08f-50efa1c5c917",
            "permission": "all",
            "region": "nl-ams",
            "timeouts": null,
            "user_name": "sovscan_admin"
          },
          "sensitive_attributes": [],
          "identity_schema_version": 0,
          "private": "eyJlMmJmYjczMC1lY2FhLTExZTYtOGY4OC0zNDM2M2JjN2M0YzAiOnsiY3JlYXRlIjoxODAwMDAwMDAwMDAwLCJkZWZhdWx0IjoxODAwMDAwMDAwMDAwLCJkZWxldGUiOjE4MDAwMDAwMDAwMDAsInJlYWQiOjE4MDAwMDAwMDAwMDAsInVwZGF0ZSI6MTgwMDAwMDAwMDAwMH0sInNjaGVtYV92ZXJzaW9uIjoiMSJ9",
          "dependencies": [
            "scaleway_rdb_database.main",
            "scaleway_rdb_instance.sovscan_db"
          ]
        }
      ]
    },
    {
      "mode": "managed",
      "type": "scaleway_registry_namespace",
      "name": "sovscan_registry",
      "provider": "provider[\"registry.terraform.io/scaleway/scaleway\"]",
      "instances": [
        {
          "schema_version": 0,
          "attributes": {
            "description": "Registry for SovScan containers",
            "endpoint": "rg.nl-ams.scw.cloud/sovscan-reg-62ced3c2-2742-4d6c-b218-0dd7b200064e",
            "id": "nl-ams/9e50f208-8604-4838-a91a-e30d3686bf2a",
            "is_public": false,
            "name": "sovscan-reg-62ced3c2-2742-4d6c-b218-0dd7b200064e",
            "organization_id": "76de40db-3007-4fea-8ece-79d372f4ff59",
            "project_id": "62ced3c2-2742-4d6c-b218-0dd7b200064e",
            "region": "nl-ams",
            "timeouts": null
          },
          "sensitive_attributes": [],
          "identity_schema_version": 0,
          "private": "eyJlMmJmYjczMC1lY2FhLTExZTYtOGY4OC0zNDM2M2JjN2M0YzAiOnsiY3JlYXRlIjozMDAwMDAwMDAwMDAsImRlZmF1bHQiOjMwMDAwMDAwMDAwMCwiZGVsZXRlIjozMDAwMDAwMDAwMDAsInJlYWQiOjMwMDAwMDAwMDAwMCwidXBkYXRlIjozMDAwMDAwMDAwMDB9fQ=="
        }
      ]
    },
    {
      "mode": "managed",
      "type": "scaleway_vpc_gateway_network",
      "name": "main",
      "provider": "provider[\"registry.terraform.io/scaleway/scaleway\"]",
      "instances": [
        {
          "schema_version": 0,
          "attributes": {
            "cleanup_dhcp": null,
            "created_at": "2026-02-06T23:38:56Z",
            "dhcp_id": null,
            "enable_dhcp": null,
            "enable_masquerade": true,
            "gateway_id": "nl-ams-1/001fdae8-1569-4462-bd48-bbc8cb79e66d",
            "id": "nl-ams-1/9119cc3e-d4e6-4d2f-8ef4-95320ca06ca3",
            "ipam_config": [
              {
                "ipam_ip_id": "3fe86f71-2d39-4c95-9236-f378c2a0c2f4",
                "push_default_route": true
              }
            ],
            "mac_address": "02:00:00:1A:2E:FF",
            "private_ip": [
              {
                "address": "172.16.12.3",
                "id": "nl-ams/3fe86f71-2d39-4c95-9236-f378c2a0c2f4"
              }
            ],
            "private_network_id": "nl-ams/81d5c80b-04d8-4862-978f-6d6b0cc11435",
            "static_address": null,
            "status": "ready",
            "timeouts": null,
            "updated_at": "2026-02-06T23:39:07Z",
            "zone": "nl-ams-1"
          },
          "sensitive_attributes": [],
          "identity_schema_version": 0,
          "private": "eyJlMmJmYjczMC1lY2FhLTExZTYtOGY4OC0zNDM2M2JjN2M0YzAiOnsiY3JlYXRlIjo2MDAwMDAwMDAwMDAsImRlZmF1bHQiOjYwMDAwMDAwMDAwMCwiZGVsZXRlIjo2MDAwMDAwMDAwMDAsInJlYWQiOjYwMDAwMDAwMDAwMCwidXBkYXRlIjo2MDAwMDAwMDAwMDB9fQ==",
          "dependencies": [
            "scaleway_vpc_private_network.sovscan_pn",
            "scaleway_vpc_public_gateway.sovscan_gw"
          ]
        }
      ]
    },
    {
      "mode": "managed",
      "type": "scaleway_vpc_private_network",
      "name": "sovscan_pn",
      "provider": "provider[\"registry.terraform.io/scaleway/scaleway\"]",
      "instances": [
        {
          "schema_version": 1,
          "attributes": {
            "created_at": "2026-02-06T22:45:59Z",
            "enable_default_route_propagation": false,
            "id": "nl-ams/81d5c80b-04d8-4862-978f-6d6b0cc11435",
            "ipv4_subnet": [
              {
                "address": "172.16.12.0",
                "created_at": "2026-02-06T22:45:59Z",
                "id": "91da6805-c41d-4b2e-adb1-0c03e8737bd7",
                "prefix_length": 22,
                "subnet": "172.16.12.0/22",
                "subnet_mask": "255.255.252.0",
                "updated_at": "2026-02-06T22:45:59Z"
              }
            ],
            "ipv6_subnets": [
              {
                "address": "fdf2:6087:b538:b39e::",
                "created_at": "2026-02-06T22:45:59Z",
                "id": "3c26110a-21be-4d94-a05b-5bbd4951c92f",
                "prefix_length": 64,
                "subnet": "fdf2:6087:b538:b39e::/64",
                "subnet_mask": "255.255.255.255.255.255.255.255.0.0.0.0.0.0.0.0",
                "updated_at": "2026-02-06T22:45:59Z"
              }
            ],
            "is_regional": true,
            "name": "sovscan-pn",
            "organization_id": "76de40db-3007-4fea-8ece-79d372f4ff59",
            "project_id": "62ced3c2-2742-4d6c-b218-0dd7b200064e",
            "region": "nl-ams",
            "tags": [
              "sovscan",
              "network"
            ],
            "updated_at": "2026-02-06T23:39:03Z",
            "vpc_id": "nl-ams/0db7ca6d-74e5-4f9b-9eea-156009327181",
            "zone": "nl-ams-1"
          },
          "sensitive_attributes": [],
          "identity_schema_version": 0,
          "private": "eyJzY2hlbWFfdmVyc2lvbiI6IjEifQ=="
        }
      ]
    },
    {
      "mode": "managed",
      "type": "scaleway_vpc_public_gateway",
      "name": "sovscan_gw",
      "provider": "provider[\"registry.terraform.io/scaleway/scaleway\"]",
      "instances": [
        {
          "schema_version": 0,
          "attributes": {
            "allowed_ip_ranges": [
              "0.0.0.0/0"
            ],
            "bandwidth": 100,
            "bastion_enabled": false,
            "bastion_port": 61000,
            "created_at": "2026-02-06T23:38:51Z",
            "enable_smtp": false,
            "id": "nl-ams-1/001fdae8-1569-4462-bd48-bbc8cb79e66d",
            "ip_id": "nl-ams-1/d107a673-c818-45af-85cf-d7036d948a03",
            "move_to_ipam": null,
            "name": "sovscan-gw",
            "organization_id": "76de40db-3007-4fea-8ece-79d372f4ff59",
            "project_id": "62ced3c2-2742-4d6c-b218-0dd7b200064e",
            "refresh_ssh_keys": null,
            "status": "running",
            "tags": [],
            "timeouts": null,
            "type": "VPC-GW-S",
            "updated_at": "2026-02-06T23:39:07Z",
            "upstream_dns_servers": [],
            "zone": "nl-ams-1"
          },
          "sensitive_attributes": [],
          "identity_schema_version": 0,
          "private": "eyJlMmJmYjczMC1lY2FhLTExZTYtOGY4OC0zNDM2M2JjN2M0YzAiOnsiY3JlYXRlIjo2MDAwMDAwMDAwMDAsImRlZmF1bHQiOjYwMDAwMDAwMDAwMCwiZGVsZXRlIjo2MDAwMDAwMDAwMDAsInJlYWQiOjYwMDAwMDAwMDAwMCwidXBkYXRlIjo2MDAwMDAwMDAwMDB9fQ=="
        }
      ]
    }
  ],
  "check_results": null
}
